// !$*UTF8*$!
{
	archiveVersion = 1;
	classes = {
	};
	objectVersion = 56;
	objects = {

/* Begin PBXBuildFile section */
		84F5277F2C6499AF00CA8F7E /* AppDelegate.swift in Sources */ = {isa = PBXBuildFile; fileRef = 84F5277E2C6499AF00CA8F7E /* AppDelegate.swift */; };
		84F527812C6499AF00CA8F7E /* SceneDelegate.swift in Sources */ = {isa = PBXBuildFile; fileRef = 84F527802C6499AF00CA8F7E /* SceneDelegate.swift */; };
		84F527832C6499AF00CA8F7E /* ViewController.swift in Sources */ = {isa = PBXBuildFile; fileRef = 84F527822C6499AF00CA8F7E /* ViewController.swift */; };
		84F527862C6499AF00CA8F7E /* Base in Resources */ = {isa = PBXBuildFile; fileRef = 84F527852C6499AF00CA8F7E /* Base */; };
		84F527882C6499B000CA8F7E /* Assets.xcassets in Resources */ = {isa = PBXBuildFile; fileRef = 84F527872C6499B000CA8F7E /* Assets.xcassets */; };
		84F5278B2C6499B000CA8F7E /* Base in Resources */ = {isa = PBXBuildFile; fileRef = 84F5278A2C6499B000CA8F7E /* Base */; };
		84F527962C649A3E00CA8F7E /* ColorVC.swift in Sources */ = {isa = PBXBuildFile; fileRef = 84F527952C649A3E00CA8F7E /* ColorVC.swift */; };
		84F527982C649A5E00CA8F7E /* TableVC.swift in Sources */ = {isa = PBXBuildFile; fileRef = 84F527972C649A5E00CA8F7E /* TableVC.swift */; };
		84F5279A2C649A7600CA8F7E /* ColorCell.swift in Sources */ = {isa = PBXBuildFile; fileRef = 84F527992C649A7600CA8F7E /* ColorCell.swift */; };
/* End PBXBuildFile section */

/* Begin PBXFileReference section */
		84F5277B2C6499AF00CA8F7E /* ColorSlider.app */ = {isa = PBXFileReference; explicitFileType = wrapper.application; includeInIndex = 0; path = ColorSlider.app; sourceTree = BUILT_PRODUCTS_DIR; };
		84F5277E2C6499AF00CA8F7E /* AppDelegate.swift */ = {isa = PBXFileReference; lastKnownFileType = sourcecode.swift; path = AppDelegate.swift; sourceTree = "<group>"; };
		84F527802C6499AF00CA8F7E /* SceneDelegate.swift */ = {isa = PBXFileReference; lastKnownFileType = sourcecode.swift; path = SceneDelegate.swift; sourceTree = "<group>"; };
		84F527822C6499AF00CA8F7E /* ViewController.swift */ = {isa = PBXFileReference; lastKnownFileType = sourcecode.swift; path = ViewController.swift; sourceTree = "<group>"; };
		84F527852C6499AF00CA8F7E /* Base */ = {isa = PBXFileReference; lastKnownFileType = file.storyboard; name = Base; path = Base.lproj/Main.storyboard; sourceTree = "<group>"; };
		84F527872C6499B000CA8F7E /* Assets.xcassets */ = {isa = PBXFileReference; lastKnownFileType = folder.assetcatalog; path = Assets.xcassets; sourceTree = "<group>"; };
		84F5278A2C6499B000CA8F7E /* Base */ = {isa = PBXFileReference; lastKnownFileType = file.storyboard; name = Base; path = Base.lproj/LaunchScreen.storyboard; sourceTree = "<group>"; };
		84F5278C2C6499B000CA8F7E /* Info.plist */ = {isa = PBXFileReference; lastKnownFileType = text.plist.xml; path = Info.plist; sourceTree = "<group>"; };
		84F527952C649A3E00CA8F7E /* ColorVC.swift */ = {isa = PBXFileReference; lastKnownFileType = sourcecode.swift; path = ColorVC.swift; sourceTree = "<group>"; };
		84F527972C649A5E00CA8F7E /* TableVC.swift */ = {isa = PBXFileReference; lastKnownFileType = sourcecode.swift; path = TableVC.swift; sourceTree = "<group>"; };
		84F527992C649A7600CA8F7E /* ColorCell.swift */ = {isa = PBXFileReference; lastKnownFileType = sourcecode.swift; path = ColorCell.swift; sourceTree = "<group>"; };
/* End PBXFileReference section */

/* Begin PBXFrameworksBuildPhase section */
		84F527782C6499AF00CA8F7E /* Frameworks */ = {
			isa = PBXFrameworksBuildPhase;
			buildActionMask = 2147483647;
			files = (
			);
			runOnlyForDeploymentPostprocessing = 0;
		};
/* End PBXFrameworksBuildPhase section */

/* Begin PBXGroup section */
		84F527722C6499AF00CA8F7E = {
			isa = PBXGroup;
			children = (
				84F5277D2C6499AF00CA8F7E /* ColorSlider */,
				84F5277C2C6499AF00CA8F7E /* Products */,
			);
			sourceTree = "<group>";
		};
		84F5277C2C6499AF00CA8F7E /* Products */ = {
			isa = PBXGroup;
			children = (
				84F5277B2C6499AF00CA8F7E /* ColorSlider.app */,
			);
			name = Products;
			sourceTree = "<group>";
		};
		84F5277D2C6499AF00CA8F7E /* ColorSlider */ = {
			isa = PBXGroup;
			children = (
				84F527942C6499E600CA8F7E /* Models */,
				84F527932C6499D900CA8F7E /* Controller */,
				84F527922C6499C500CA8F7E /* view */,
				84F5277E2C6499AF00CA8F7E /* AppDelegate.swift */,
				84F527802C6499AF00CA8F7E /* SceneDelegate.swift */,
				84F527872C6499B000CA8F7E /* Assets.xcassets */,
				84F527892C6499B000CA8F7E /* LaunchScreen.storyboard */,
				84F5278C2C6499B000CA8F7E /* Info.plist */,
			);
			path = ColorSlider;
			sourceTree = "<group>";
		};
		84F527922C6499C500CA8F7E /* view */ = {
			isa = PBXGroup;
			children = (
				84F527842C6499AF00CA8F7E /* Main.storyboard */,
			);
			path = view;
			sourceTree = "<group>";
		};
		84F527932C6499D900CA8F7E /* Controller */ = {
			isa = PBXGroup;
			children = (
				84F527822C6499AF00CA8F7E /* ViewController.swift */,
				84F527952C649A3E00CA8F7E /* ColorVC.swift */,
				84F527972C649A5E00CA8F7E /* TableVC.swift */,
				84F527992C649A7600CA8F7E /* ColorCell.swift */,
			);
			path = Controller;
			sourceTree = "<group>";
		};
		84F527942C6499E600CA8F7E /* Models */ = {
			isa = PBXGroup;
			children = (
			);
			path = Models;
			sourceTree = "<group>";
		};
/* End PBXGroup section */

/* Begin PBXNativeTarget section */
		84F5277A2C6499AF00CA8F7E /* ColorSlider */ = {
			isa = PBXNativeTarget;
			buildConfigurationList = 84F5278F2C6499B000CA8F7E /* Build configuration list for PBXNativeTarget "ColorSlider" */;
			buildPhases = (
				84F527772C6499AF00CA8F7E /* Sources */,
				84F527782C6499AF00CA8F7E /* Frameworks */,
				84F527792C6499AF00CA8F7E /* Resources */,
			);
			buildRules = (
			);
			dependencies = (
			);
			name = ColorSlider;
			productName = ColorSlider;
			productReference = 84F5277B2C6499AF00CA8F7E /* ColorSlider.app */;
			productType = "com.apple.product-type.application";
		};
/* End PBXNativeTarget section */

/* Begin PBXProject section */
		84F527732C6499AF00CA8F7E /* Project object */ = {
			isa = PBXProject;
			attributes = {
				BuildIndependentTargetsInParallel = 1;
				LastSwiftUpdateCheck = 1540;
				LastUpgradeCheck = 1540;
				TargetAttributes = {
					84F5277A2C6499AF00CA8F7E = {
						CreatedOnToolsVersion = 15.4;
					};
				};
			};
			buildConfigurationList = 84F527762C6499AF00CA8F7E /* Build configuration list for PBXProject "ColorSlider" */;
			compatibilityVersion = "Xcode 14.0";
			developmentRegion = en;
			hasScannedForEncodings = 0;
			knownRegions = (
				en,
				Base,
			);
			mainGroup = 84F527722C6499AF00CA8F7E;
			productRefGroup = 84F5277C2C6499AF00CA8F7E /* Products */;
			projectDirPath = "";
			projectRoot = "";
			targets = (
				84F5277A2C6499AF00CA8F7E /* ColorSlider */,
			);
		};
/* End PBXProject section */

/* Begin PBXResourcesBuildPhase section */
		84F527792C6499AF00CA8F7E /* Resources */ = {
			isa = PBXResourcesBuildPhase;
			buildActionMask = 2147483647;
			files = (
				84F527882C6499B000CA8F7E /* Assets.xcassets in Resources */,
				84F5278B2C6499B000CA8F7E /* Base in Resources */,
				84F527862C6499AF00CA8F7E /* Base in Resources */,
			);
			runOnlyForDeploymentPostprocessing = 0;
		};
/* End PBXResourcesBuildPhase section */

/* Begin PBXSourcesBuildPhase section */
		84F527772C6499AF00CA8F7E /* Sources */ = {
			isa = PBXSourcesBuildPhase;
			buildActionMask = 2147483647;
			files = (
				84F527962C649A3E00CA8F7E /* ColorVC.swift in Sources */,
				84F527832C6499AF00CA8F7E /* ViewController.swift in Sources */,
				84F5277F2C6499AF00CA8F7E /* AppDelegate.swift in Sources */,
				84F527982C649A5E00CA8F7E /* TableVC.swift in Sources */,
				84F527812C6499AF00CA8F7E /* SceneDelegate.swift in Sources */,
				84F5279A2C649A7600CA8F7E /* ColorCell.swift in Sources */,
			);
			runOnlyForDeploymentPostprocessing = 0;
		};
/* End PBXSourcesBuildPhase section */

/* Begin PBXVariantGroup section */
		84F527842C6499AF00CA8F7E /* Main.storyboard */ = {
			isa = PBXVariantGroup;
			children = (
				84F527852C6499AF00CA8F7E /* Base */,
			);
			name = Main.storyboard;
			sourceTree = "<group>";
		};
		84F527892C6499B000CA8F7E /* LaunchScreen.storyboard */ = {
			isa = PBXVariantGroup;
			children = (
				84F5278A2C6499B000CA8F7E /* Base */,
			);
			name = LaunchScreen.storyboard;
			sourceTree = "<group>";
		};
/* End PBXVariantGroup section */

/* Begin XCBuildConfiguration section */
		84F5278D2C6499B000CA8F7E /* Debug */ = {
			isa = XCBuildConfiguration;
			buildSettings = {
				ALWAYS_SEARCH_USER_PATHS = NO;
				ASSETCATALOG_COMPILER_GENERATE_SWIFT_ASSET_SYMBOL_EXTENSIONS = YES;
				CLANG_ANALYZER_NONNULL = YES;
				CLANG_ANALYZER_NUMBER_OBJECT_CONVERSION = YES_AGGRESSIVE;
				CLANG_CXX_LANGUAGE_STANDARD = "gnu++20";
				CLANG_ENABLE_MODULES = YES;
				CLANG_ENABLE_OBJC_ARC = YES;
				CLANG_ENABLE_OBJC_WEAK = YES;
				CLANG_WARN_BLOCK_CAPTURE_AUTORELEASING = YES;
				CLANG_WARN_BOOL_CONVERSION = YES;
				CLANG_WARN_COMMA = YES;
				CLANG_WARN_CONSTANT_CONVERSION = YES;
				CLANG_WARN_DEPRECATED_OBJC_IMPLEMENTATIONS = YES;
				CLANG_WARN_DIRECT_OBJC_ISA_USAGE = YES_ERROR;
				CLANG_WARN_DOCUMENTATION_COMMENTS = YES;
				CLANG_WARN_EMPTY_BODY = YES;
				CLANG_WARN_ENUM_CONVERSION = YES;
				CLANG_WARN_INFINITE_RECURSION = YES;
				CLANG_WARN_INT_CONVERSION = YES;
				CLANG_WARN_NON_LITERAL_NULL_CONVERSION = YES;
				CLANG_WARN_OBJC_IMPLICIT_RETAIN_SELF = YES;
				CLANG_WARN_OBJC_LITERAL_CONVERSION = YES;
				CLANG_WARN_OBJC_ROOT_CLASS = YES_ERROR;
				CLANG_WARN_QUOTED_INCLUDE_IN_FRAMEWORK_HEADER = YES;
				CLANG_WARN_RANGE_LOOP_ANALYSIS = YES;
				CLANG_WARN_STRICT_PROTOTYPES = YES;
				CLANG_WARN_SUSPICIOUS_MOVE = YES;
				CLANG_WARN_UNGUARDED_AVAILABILITY = YES_AGGRESSIVE;
				CLANG_WARN_UNREACHABLE_CODE = YES;
				CLANG_WARN__DUPLICATE_METHOD_MATCH = YES;
				COPY_PHASE_STRIP = NO;
				DEBUG_INFORMATION_FORMAT = dwarf;
				ENABLE_STRICT_OBJC_MSGSEND = YES;
				ENABLE_TESTABILITY = YES;
				ENABLE_USER_SCRIPT_SANDBOXING = YES;
				GCC_C_LANGUAGE_STANDARD = gnu17;
				GCC_DYNAMIC_NO_PIC = NO;
				GCC_NO_COMMON_BLOCKS = YES;
				GCC_OPTIMIZATION_LEVEL = 0;
				GCC_PREPROCESSOR_DEFINITIONS = (
					"DEBUG=1",
					"$(inherited)",
				);
				GCC_WARN_64_TO_32_BIT_CONVERSION = YES;
				GCC_WARN_ABOUT_RETURN_TYPE = YES_ERROR;
				GCC_WARN_UNDECLARED_SELECTOR = YES;
				GCC_WARN_UNINITIALIZED_AUTOS = YES_AGGRESSIVE;
				GCC_WARN_UNUSED_FUNCTION = YES;
				GCC_WARN_UNUSED_VARIABLE = YES;
				IPHONEOS_DEPLOYMENT_TARGET = 17.5;
				LOCALIZATION_PREFERS_STRING_CATALOGS = YES;
				MTL_ENABLE_DEBUG_INFO = INCLUDE_SOURCE;
				MTL_FAST_MATH = YES;
				ONLY_ACTIVE_ARCH = YES;
				SDKROOT = iphoneos;
				SWIFT_ACTIVE_COMPILATION_CONDITIONS = "DEBUG $(inherited)";
				SWIFT_OPTIMIZATION_LEVEL = "-Onone";
			};
			name = Debug;
		};
		84F5278E2C6499B000CA8F7E /* Release */ = {
			isa = XCBuildConfiguration;
			buildSettings = {
				ALWAYS_SEARCH_USER_PATHS = NO;
				ASSETCATALOG_COMPILER_GENERATE_SWIFT_ASSET_SYMBOL_EXTENSIONS = YES;
				CLANG_ANALYZER_NONNULL = YES;
				CLANG_ANALYZER_NUMBER_OBJECT_CONVERSION = YES_AGGRESSIVE;
				CLANG_CXX_LANGUAGE_STANDARD = "gnu++20";
				CLANG_ENABLE_MODULES = YES;
				CLANG_ENABLE_OBJC_ARC = YES;
				CLANG_ENABLE_OBJC_WEAK = YES;
				CLANG_WARN_BLOCK_CAPTURE_AUTORELEASING = YES;
				CLANG_WARN_BOOL_CONVERSION = YES;
				CLANG_WARN_COMMA = YES;
				CLANG_WARN_CONSTANT_CONVERSION = YES;
				CLANG_WARN_DEPRECATED_OBJC_IMPLEMENTATIONS = YES;
				CLANG_WARN_DIRECT_OBJC_ISA_USAGE = YES_ERROR;
				CLANG_WARN_DOCUMENTATION_COMMENTS = YES;
				CLANG_WARN_EMPTY_BODY = YES;
				CLANG_WARN_ENUM_CONVERSION = YES;
				CLANG_WARN_INFINITE_RECURSION = YES;
				CLANG_WARN_INT_CONVERSION = YES;
				CLANG_WARN_NON_LITERAL_NULL_CONVERSION = YES;
				CLANG_WARN_OBJC_IMPLICIT_RETAIN_SELF = YES;
				CLANG_WARN_OBJC_LITERAL_CONVERSION = YES;
				CLANG_WARN_OBJC_ROOT_CLASS = YES_ERROR;
				CLANG_WARN_QUOTED_INCLUDE_IN_FRAMEWORK_HEADER = YES;
				CLANG_WARN_RANGE_LOOP_ANALYSIS = YES;
				CLANG_WARN_STRICT_PROTOTYPES = YES;
				CLANG_WARN_SUSPICIOUS_MOVE = YES;
				CLANG_WARN_UNGUARDED_AVAILABILITY = YES_AGGRESSIVE;
				CLANG_WARN_UNREACHABLE_CODE = YES;
				CLANG_WARN__DUPLICATE_METHOD_MATCH = YES;
				COPY_PHASE_STRIP = NO;
				DEBUG_INFORMATION_FORMAT = "dwarf-with-dsym";
				ENABLE_NS_ASSERTIONS = NO;
				ENABLE_STRICT_OBJC_MSGSEND = YES;
				ENABLE_USER_SCRIPT_SANDBOXING = YES;
				GCC_C_LANGUAGE_STANDARD = gnu17;
				GCC_NO_COMMON_BLOCKS = YES;
				GCC_WARN_64_TO_32_BIT_CONVERSION = YES;
				GCC_WARN_ABOUT_RETURN_TYPE = YES_ERROR;
				GCC_WARN_UNDECLARED_SELECTOR = YES;
				GCC_WARN_UNINITIALIZED_AUTOS = YES_AGGRESSIVE;
				GCC_WARN_UNUSED_FUNCTION = YES;
				GCC_WARN_UNUSED_VARIABLE = YES;
				IPHONEOS_DEPLOYMENT_TARGET = 17.5;
				LOCALIZATION_PREFERS_STRING_CATALOGS = YES;
				MTL_ENABLE_DEBUG_INFO = NO;
				MTL_FAST_MATH = YES;
				SDKROOT = iphoneos;
				SWIFT_COMPILATION_MODE = wholemodule;
				VALIDATE_PRODUCT = YES;
			};
			name = Release;
		};
		84F527902C6499B000CA8F7E /* Debug */ = {
			isa = XCBuildConfiguration;
			buildSettings = {
				ASSETCATALOG_COMPILER_APPICON_NAME = AppIcon;
				ASSETCATALOG_COMPILER_GLOBAL_ACCENT_COLOR_NAME = AccentColor;
				CODE_SIGN_STYLE = Automatic;
				CURRENT_PROJECT_VERSION = 1;
				GENERATE_INFOPLIST_FILE = YES;
				INFOPLIST_FILE = ColorSlider/Info.plist;
				INFOPLIST_KEY_UIApplicationSupportsIndirectInputEvents = YES;
				INFOPLIST_KEY_UILaunchStoryboardName = LaunchScreen;
				INFOPLIST_KEY_UIMainStoryboardFile = Main;
				INFOPLIST_KEY_UISupportedInterfaceOrientations_iPad = "UIInterfaceOrientationPortrait UIInterfaceOrientationPortraitUpsideDown UIInterfaceOrientationLandscapeLeft UIInterfaceOrientationLandscapeRight";
				INFOPLIST_KEY_UISupportedInterfaceOrientations_iPhone = "UIInterfaceOrientationPortrait UIInterfaceOrientationLandscapeLeft UIInterfaceOrientationLandscapeRight";
				LD_RUNPATH_SEARCH_PATHS = (
					"$(inherited)",
					"@executable_path/Frameworks",
				);
				MARKETING_VERSION = 1.0;
				PRODUCT_BUNDLE_IDENTIFIER = com.example.ColorSlider;
				PRODUCT_NAME = "$(TARGET_NAME)";
				SWIFT_EMIT_LOC_STRINGS = YES;
				SWIFT_VERSION = 5.0;
				TARGETED_DEVICE_FAMILY = "1,2";
			};
			name = Debug;
		};
		84F527912C6499B000CA8F7E /* Release */ = {
			isa = XCBuildConfiguration;
			buildSettings = {
				ASSETCATALOG_COMPILER_APPICON_NAME = AppIcon;
				ASSETCATALOG_COMPILER_GLOBAL_ACCENT_COLOR_NAME = AccentColor;
				CODE_SIGN_STYLE = Automatic;
				CURRENT_PROJECT_VERSION = 1;
				GENERATE_INFOPLIST_FILE = YES;
				INFOPLIST_FILE = ColorSlider/Info.plist;
				INFOPLIST_KEY_UIApplicationSupportsIndirectInputEvents = YES;
				INFOPLIST_KEY_UILaunchStoryboardName = LaunchScreen;
				INFOPLIST_KEY_UIMainStoryboardFile = Main;
				INFOPLIST_KEY_UISupportedInterfaceOrientations_iPad = "UIInterfaceOrientationPortrait UIInterfaceOrientationPortraitUpsideDown UIInterfaceOrientationLandscapeLeft UIInterfaceOrientationLandscapeRight";
				INFOPLIST_KEY_UISupportedInterfaceOrientations_iPhone = "UIInterfaceOrientationPortrait UIInterfaceOrientationLandscapeLeft UIInterfaceOrientationLandscapeRight";
				LD_RUNPATH_SEARCH_PATHS = (
					"$(inherited)",
					"@executable_path/Frameworks",
				);
				MARKETING_VERSION = 1.0;
				PRODUCT_BUNDLE_IDENTIFIER = com.example.ColorSlider;
				PRODUCT_NAME = "$(TARGET_NAME)";
				SWIFT_EMIT_LOC_STRINGS = YES;
				SWIFT_VERSION = 5.0;
				TARGETED_DEVICE_FAMILY = "1,2";
			};
			name = Release;
		};
/* End XCBuildConfiguration section */

/* Begin XCConfigurationList section */
		84F527762C6499AF00CA8F7E /* Build configuration list for PBXProject "ColorSlider" */ = {
			isa = XCConfigurationList;
			buildConfigurations = (
				84F5278D2C6499B000CA8F7E /* Debug */,
				84F5278E2C6499B000CA8F7E /* Release */,
			);
			defaultConfigurationIsVisible = 0;
			defaultConfigurationName = Release;
		};
		84F5278F2C6499B000CA8F7E /* Build configuration list for PBXNativeTarget "ColorSlider" */ = {
			isa = XCConfigurationList;
			buildConfigurations = (
				84F527902C6499B000CA8F7E /* Debug */,
				84F527912C6499B000CA8F7E /* Release */,
			);
			defaultConfigurationIsVisible = 0;
			defaultConfigurationName = Release;
		};
/* End XCConfigurationList section */
	};
	rootObject = 84F527732C6499AF00CA8F7E /* Project object */;
}
